
Microsoft Visual Studio Solution File, Format Version 12.00
# Visual Studio Version 17
VisualStudioVersion = 17.13.35931.197 d17.13
MinimumVisualStudioVersion = 10.0.40219.1
Project("{FAE04EC0-301F-11D3-BF4B-00C04F79EFBC}") = "MagicVilla_CouponAPI", "MagicVilla_CouponAPI\MagicVilla_CouponAPI.csproj", "{FBC3F134-A2BA-458F-9004-1D184136C2A3}"
EndProject
Global
	GlobalSection(SolutionConfigurationPlatforms) = preSolution
		Debug|Any CPU = Debug|Any CPU
		Release|Any CPU = Release|Any CPU
	EndGlobalSection
	GlobalSection(ProjectConfigurationPlatforms) = postSolution
		{FBC3F134-A2BA-458F-9004-1D184136C2A3}.Debug|Any CPU.ActiveCfg = Debug|Any CPU
		{FBC3F134-A2BA-458F-9004-1D184136C2A3}.Debug|Any CPU.Build.0 = Debug|Any CPU
		{FBC3F134-A2BA-458F-9004-1D184136C2A3}.Release|Any CPU.ActiveCfg = Release|Any CPU
		{FBC3F134-A2BA-458F-9004-1D184136C2A3}.Release|Any CPU.Build.0 = Release|Any CPU
	EndGlobalSection
	GlobalSection(SolutionProperties) = preSolution
		HideSolutionNode = FALSE
	EndGlobalSection
	GlobalSection(ExtensibilityGlobals) = postSolution
		SolutionGuid = {49F25237-CDFE-4D55-80B9-608C93679A2E}
	EndGlobalSection
EndGlobal
